<?xml version="1.0" encoding="utf-8"?>
<Project ToolsVersion="4.0" xmlns="http://schemas.microsoft.com/developer/msbuild/2003">
  <ItemGroup>
    <Filter Include="win32">
      <UniqueIdentifier>{84a8ebd7-7cf0-47f6-b75e-d441df67da40}</UniqueIdentifier>
    </Filter>
    <Filter Include="resource">
      <UniqueIdentifier>{715254bc-d70b-4ec5-bf29-467dd3ace079}</UniqueIdentifier>
    </Filter>
    <Filter Include="src">
      <UniqueIdentifier>{bb6c862e-70e9-49d9-81b7-3829a6f50471}</UniqueIdentifier>
    </Filter>
  </ItemGroup>
  <ItemGroup>
    <ClCompile Include="main.cpp">
      <Filter>win32</Filter>
    </ClCompile>
    <ClCompile Include="..\Classes\AppDelegate.cpp">
      <Filter>src</Filter>
    </ClCompile>
    <ClCompile Include="..\Classes\HelloWorldScene.cpp">
      <Filter>src</Filter>
    </ClCompile>
    <ClCompile Include="..\Classes\MainVillage.cpp">
      <Filter>src</Filter>
    </ClCompile>
    <ClCompile Include="..\Classes\BaseBuilding.cpp">
      <Filter>src</Filter>
    </ClCompile>
    <ClCompile Include="..\Classes\PlayerData.cpp">
      <Filter>src</Filter>
    </ClCompile>
    <ClCompile Include="..\Classes\ResourceProducer.cpp">
      <Filter>src</Filter>
    </ClCompile>
    <ClCompile Include="..\Classes\ResourceStorage.cpp">
      <Filter>src</Filter>
    </ClCompile>
  </ItemGroup>
  <ItemGroup>
    <ClInclude Include="main.h">
      <Filter>win32</Filter>
    </ClInclude>
    <ClInclude Include="..\Classes\AppDelegate.h">
      <Filter>src</Filter>
    </ClInclude>
    <ClInclude Include="..\Classes\HelloWorldScene.h">
      <Filter>src</Filter>
    </ClInclude>
    <ClInclude Include="..\Classes\MainVillage.h">
      <Filter>src</Filter>
    </ClInclude>
    <ClInclude Include="..\Classes\BaseBuilding.h">
      <Filter>src</Filter>
    </ClInclude>
    <ClInclude Include="..\Classes\PlayerData.h">
      <Filter>src</Filter>
    </ClInclude>
    <ClInclude Include="..\Classes\ResourceProducer.h">
      <Filter>src</Filter>
    </ClInclude>
    <ClInclude Include="..\Classes\ResourceStorage.h">
      <Filter>src</Filter>
    </ClInclude>
  </ItemGroup>
  <ItemGroup>
    <ResourceCompile Include="game.rc">
      <Filter>resource</Filter>
    </ResourceCompile>
  </ItemGroup>
  <ItemGroup>
    <Image Include="..\Resources\mainvillage\LayerRes.png">
      <Filter>resource</Filter>
    </Image>
    <Image Include="..\Resources\mainvillage\newpac.png">
      <Filter>resource</Filter>
    </Image>
    <Image Include="..\Resources\CloseNormal.png">
      <Filter>resource</Filter>
    </Image>
    <Image Include="..\Resources\CloseSelected.png">
      <Filter>resource</Filter>
    </Image>
    <Image Include="..\Resources\HelloWorld.png">
      <Filter>resource</Filter>
    </Image>
    <Image Include="..\Resources\R-C.jpg">
      <Filter>resource</Filter>
    </Image>
    <Image Include="..\Resources\Buildings\ResourceProducer\Gold_Mine1.png">
      <Filter>resource</Filter>
    </Image>
    <Image Include="..\Resources\Buildings\ResourceProducer\Elixir_Pump1.png">
      <Filter>resource</Filter>
    </Image>
    <Image Include="..\Resources\Buildings\Icon\Elixir.png">
      <Filter>resource</Filter>
    </Image>
    <Image Include="..\Resources\Buildings\Icon\Gold.png">
      <Filter>resource</Filter>
    </Image>
    <Image Include="..\Resources\Buildings\ResourceStorage\Elixir_Storage1.png">
      <Filter>resource</Filter>
    </Image>
    <Image Include="..\Resources\Buildings\ResourceStorage\Gold_Storage1.png">
      <Filter>resource</Filter>
    </Image>
    <Image Include="..\Resources\Buildings\ResourceStorage\Elixir_Storage2.png">
      <Filter>resource</Filter>
    </Image>
    <Image Include="..\Resources\Buildings\ResourceStorage\Elixir_Storage3.png">
      <Filter>resource</Filter>
    </Image>
    <Image Include="..\Resources\Buildings\ResourceStorage\Gold_Storage2.png">
      <Filter>resource</Filter>
    </Image>
    <Image Include="..\Resources\Buildings\ResourceStorage\Gold_Storage3.png">
      <Filter>resource</Filter>
    </Image>
    <Image Include="..\Resources\Buildings\ResourceProducer\Elixir_Pump2.png">
      <Filter>resource</Filter>
    </Image>
    <Image Include="..\Resources\Buildings\ResourceProducer\Elixir_Pump3.png">
      <Filter>resource</Filter>
    </Image>
    <Image Include="..\Resources\Buildings\ResourceProducer\Gold_Mine2.png">
      <Filter>resource</Filter>
    </Image>
    <Image Include="..\Resources\Buildings\ResourceProducer\Gold_Mine3.png">
      <Filter>resource</Filter>
    </Image>
    <Image Include="Debug.win32\itemBuild.png">
      <Filter>resource</Filter>
    </Image>
    <Image Include="..\Resources\Buildings\DefenceBuilding\Archer_Tower1.png">
      <Filter>resource</Filter>
    </Image>
    <Image Include="..\Resources\Buildings\DefenceBuilding\Barracks1.png">
      <Filter>resource</Filter>
    </Image>
    <Image Include="..\Resources\Buildings\DefenceBuilding\Cannon1.png">
      <Filter>resource</Filter>
    </Image>
    <Image Include="..\Resources\Buildings\DefenceBuilding\Wall1.png">
      <Filter>resource</Filter>
    </Image>
  </ItemGroup>
  <ItemGroup>
    <None Include="..\Resources\mainvillage\LayerRes.tsx">
      <Filter>resource</Filter>
    </None>
    <None Include="..\Resources\mainvillage\MainVillage1.tmx">
      <Filter>resource</Filter>
    </None>
    <None Include="..\Resources\mainvillage\newpac.tsx">
      <Filter>resource</Filter>
    </None>
  </ItemGroup>
</Project>